
Microsoft Visual Studio Solution File, Format Version 12.00
# Visual Studio 14
VisualStudioVersion = 14.0.23107.0
MinimumVisualStudioVersion = 10.0.40219.1
Project("{2150E333-8FDC-42A3-9474-1A3956D46DE8}") = "UnitTests", "UnitTests", "{EFB5415D-9B71-4FF9-8F90-E80BBD915582}"
EndProject
Project("{2150E333-8FDC-42A3-9474-1A3956D46DE8}") = "ThirdPartyServices", "ThirdPartyServices", "{D7B530ED-FA93-47F0-94AE-19EB33C91136}"
EndProject
Project("{2150E333-8FDC-42A3-9474-1A3956D46DE8}") = "InternalServices", "InternalServices", "{8FD79CA8-9875-4D00-8CDE-C0E39FA76209}"
EndProject
Project("{FAE04EC0-301F-11D3-BF4B-00C04F79EFBC}") = "WisepayServiceInterfaces", "WisepayServiceInterfaces\WisepayServiceInterfaces.csproj", "{9FB00084-203A-47CD-906B-542691151312}"
EndProject
Project("{FAE04EC0-301F-11D3-BF4B-00C04F79EFBC}") = "WisepayServices", "WisepayServices\WisepayServices.csproj", "{0A6159B1-B6B6-41DF-B639-0D1AC50955F1}"
EndProject
Project("{FAE04EC0-301F-11D3-BF4B-00C04F79EFBC}") = "PaymentGatewayServiceWrapper", "PaymentGatewayServiceWrapper\PaymentGatewayServiceWrapper.csproj", "{4AE9CDA9-61EF-4199-A6CB-59C533DB8093}"
EndProject
Project("{FAE04EC0-301F-11D3-BF4B-00C04F79EFBC}") = "Wisepay.Web", "Wisepay.Web\Wisepay.Web.csproj", "{645C806F-762C-4AE2-A62E-23F8091F0576}"
EndProject
Project("{FAE04EC0-301F-11D3-BF4B-00C04F79EFBC}") = "Database", "Database\Database.csproj", "{983BC4F3-75C2-4823-B46B-2307EEABA7DE}"
EndProject
Project("{2150E333-8FDC-42A3-9474-1A3956D46DE8}") = "Repositories", "Repositories", "{CB60D9F4-6144-45E1-ADBA-F6E3B28E766A}"
EndProject
Project("{FAE04EC0-301F-11D3-BF4B-00C04F79EFBC}") = "Repository", "Repository\Repository.csproj", "{023E9E93-6E47-4E71-9260-407915903A95}"
EndProject
Project("{FAE04EC0-301F-11D3-BF4B-00C04F79EFBC}") = "RepositoryInterfaces", "RepositoryInterfaces\RepositoryInterfaces.csproj", "{EF10EC24-1945-4085-8752-520D3B2F0F9D}"
EndProject
Project("{2150E333-8FDC-42A3-9474-1A3956D46DE8}") = "UnitOfWork", "UnitOfWork", "{3877E684-F60C-45C4-B666-112A2C172725}"
EndProject
Project("{FAE04EC0-301F-11D3-BF4B-00C04F79EFBC}") = "UnitOfWork", "UnitOfWork\UnitOfWork.csproj", "{3D5150BE-C55A-4D15-A59D-593E2FBDF329}"
EndProject
Project("{2150E333-8FDC-42A3-9474-1A3956D46DE8}") = "UnitOfService", "UnitOfService", "{45ECE1AA-2803-40DF-AF54-FAC83A841954}"
EndProject
Project("{FAE04EC0-301F-11D3-BF4B-00C04F79EFBC}") = "UnitOfService", "UnitOfService\UnitOfService.csproj", "{C905D76D-BFAC-4C31-A53B-DF0C0AFD6BED}"
EndProject
Project("{2150E333-8FDC-42A3-9474-1A3956D46DE8}") = "Helpers", "Helpers", "{544FBDBA-677D-4D2E-BE74-34603756E524}"
EndProject
Project("{FAE04EC0-301F-11D3-BF4B-00C04F79EFBC}") = "Logging", "Logging\Logging.csproj", "{D6767EB3-7C4B-452C-A4A3-F3B156C7CAE0}"
EndProject
Project("{FAE04EC0-301F-11D3-BF4B-00C04F79EFBC}") = "EFRepository", "EFRepository\EFRepository.csproj", "{EA98C6F2-F063-437F-AFBE-7725CEF6DA3A}"
EndProject
Project("{2150E333-8FDC-42A3-9474-1A3956D46DE8}") = "ViewModels", "ViewModels", "{D37C5B61-D8EF-48FE-921A-DD72F86DB20F}"
EndProject
Project("{FAE04EC0-301F-11D3-BF4B-00C04F79EFBC}") = "ViewModels", "ViewModels\ViewModels.csproj", "{93B36E38-93F8-4F50-8860-AEA8DB65F3BC}"
EndProject
Global
	GlobalSection(SolutionConfigurationPlatforms) = preSolution
		Debug|Any CPU = Debug|Any CPU
		Release|Any CPU = Release|Any CPU
	EndGlobalSection
	GlobalSection(ProjectConfigurationPlatforms) = postSolution
		{9FB00084-203A-47CD-906B-542691151312}.Debug|Any CPU.ActiveCfg = Debug|Any CPU
		{9FB00084-203A-47CD-906B-542691151312}.Debug|Any CPU.Build.0 = Debug|Any CPU
		{9FB00084-203A-47CD-906B-542691151312}.Release|Any CPU.ActiveCfg = Release|Any CPU
		{9FB00084-203A-47CD-906B-542691151312}.Release|Any CPU.Build.0 = Release|Any CPU
		{0A6159B1-B6B6-41DF-B639-0D1AC50955F1}.Debug|Any CPU.ActiveCfg = Debug|Any CPU
		{0A6159B1-B6B6-41DF-B639-0D1AC50955F1}.Debug|Any CPU.Build.0 = Debug|Any CPU
		{0A6159B1-B6B6-41DF-B639-0D1AC50955F1}.Release|Any CPU.ActiveCfg = Release|Any CPU
		{0A6159B1-B6B6-41DF-B639-0D1AC50955F1}.Release|Any CPU.Build.0 = Release|Any CPU
		{4AE9CDA9-61EF-4199-A6CB-59C533DB8093}.Debug|Any CPU.ActiveCfg = Debug|Any CPU
		{4AE9CDA9-61EF-4199-A6CB-59C533DB8093}.Debug|Any CPU.Build.0 = Debug|Any CPU
		{4AE9CDA9-61EF-4199-A6CB-59C533DB8093}.Release|Any CPU.ActiveCfg = Release|Any CPU
		{4AE9CDA9-61EF-4199-A6CB-59C533DB8093}.Release|Any CPU.Build.0 = Release|Any CPU
		{645C806F-762C-4AE2-A62E-23F8091F0576}.Debug|Any CPU.ActiveCfg = Debug|Any CPU
		{645C806F-762C-4AE2-A62E-23F8091F0576}.Debug|Any CPU.Build.0 = Debug|Any CPU
		{645C806F-762C-4AE2-A62E-23F8091F0576}.Release|Any CPU.ActiveCfg = Release|Any CPU
		{645C806F-762C-4AE2-A62E-23F8091F0576}.Release|Any CPU.Build.0 = Release|Any CPU
		{983BC4F3-75C2-4823-B46B-2307EEABA7DE}.Debug|Any CPU.ActiveCfg = Debug|Any CPU
		{983BC4F3-75C2-4823-B46B-2307EEABA7DE}.Debug|Any CPU.Build.0 = Debug|Any CPU
		{983BC4F3-75C2-4823-B46B-2307EEABA7DE}.Release|Any CPU.ActiveCfg = Release|Any CPU
		{983BC4F3-75C2-4823-B46B-2307EEABA7DE}.Release|Any CPU.Build.0 = Release|Any CPU
		{023E9E93-6E47-4E71-9260-407915903A95}.Debug|Any CPU.ActiveCfg = Debug|Any CPU
		{023E9E93-6E47-4E71-9260-407915903A95}.Debug|Any CPU.Build.0 = Debug|Any CPU
		{023E9E93-6E47-4E71-9260-407915903A95}.Release|Any CPU.ActiveCfg = Release|Any CPU
		{023E9E93-6E47-4E71-9260-407915903A95}.Release|Any CPU.Build.0 = Release|Any CPU
		{EF10EC24-1945-4085-8752-520D3B2F0F9D}.Debug|Any CPU.ActiveCfg = Debug|Any CPU
		{EF10EC24-1945-4085-8752-520D3B2F0F9D}.Debug|Any CPU.Build.0 = Debug|Any CPU
		{EF10EC24-1945-4085-8752-520D3B2F0F9D}.Release|Any CPU.ActiveCfg = Release|Any CPU
		{EF10EC24-1945-4085-8752-520D3B2F0F9D}.Release|Any CPU.Build.0 = Release|Any CPU
		{3D5150BE-C55A-4D15-A59D-593E2FBDF329}.Debug|Any CPU.ActiveCfg = Debug|Any CPU
		{3D5150BE-C55A-4D15-A59D-593E2FBDF329}.Debug|Any CPU.Build.0 = Debug|Any CPU
		{3D5150BE-C55A-4D15-A59D-593E2FBDF329}.Release|Any CPU.ActiveCfg = Release|Any CPU
		{3D5150BE-C55A-4D15-A59D-593E2FBDF329}.Release|Any CPU.Build.0 = Release|Any CPU
		{C905D76D-BFAC-4C31-A53B-DF0C0AFD6BED}.Debug|Any CPU.ActiveCfg = Debug|Any CPU
		{C905D76D-BFAC-4C31-A53B-DF0C0AFD6BED}.Debug|Any CPU.Build.0 = Debug|Any CPU
		{C905D76D-BFAC-4C31-A53B-DF0C0AFD6BED}.Release|Any CPU.ActiveCfg = Release|Any CPU
		{C905D76D-BFAC-4C31-A53B-DF0C0AFD6BED}.Release|Any CPU.Build.0 = Release|Any CPU
		{D6767EB3-7C4B-452C-A4A3-F3B156C7CAE0}.Debug|Any CPU.ActiveCfg = Debug|Any CPU
		{D6767EB3-7C4B-452C-A4A3-F3B156C7CAE0}.Debug|Any CPU.Build.0 = Debug|Any CPU
		{D6767EB3-7C4B-452C-A4A3-F3B156C7CAE0}.Release|Any CPU.ActiveCfg = Release|Any CPU
		{D6767EB3-7C4B-452C-A4A3-F3B156C7CAE0}.Release|Any CPU.Build.0 = Release|Any CPU
		{EA98C6F2-F063-437F-AFBE-7725CEF6DA3A}.Debug|Any CPU.ActiveCfg = Debug|Any CPU
		{EA98C6F2-F063-437F-AFBE-7725CEF6DA3A}.Debug|Any CPU.Build.0 = Debug|Any CPU
		{EA98C6F2-F063-437F-AFBE-7725CEF6DA3A}.Release|Any CPU.ActiveCfg = Release|Any CPU
		{EA98C6F2-F063-437F-AFBE-7725CEF6DA3A}.Release|Any CPU.Build.0 = Release|Any CPU
		{93B36E38-93F8-4F50-8860-AEA8DB65F3BC}.Debug|Any CPU.ActiveCfg = Debug|Any CPU
		{93B36E38-93F8-4F50-8860-AEA8DB65F3BC}.Debug|Any CPU.Build.0 = Debug|Any CPU
		{93B36E38-93F8-4F50-8860-AEA8DB65F3BC}.Release|Any CPU.ActiveCfg = Release|Any CPU
		{93B36E38-93F8-4F50-8860-AEA8DB65F3BC}.Release|Any CPU.Build.0 = Release|Any CPU
	EndGlobalSection
	GlobalSection(SolutionProperties) = preSolution
		HideSolutionNode = FALSE
	EndGlobalSection
	GlobalSection(NestedProjects) = preSolution
		{9FB00084-203A-47CD-906B-542691151312} = {8FD79CA8-9875-4D00-8CDE-C0E39FA76209}
		{0A6159B1-B6B6-41DF-B639-0D1AC50955F1} = {8FD79CA8-9875-4D00-8CDE-C0E39FA76209}
		{4AE9CDA9-61EF-4199-A6CB-59C533DB8093} = {D7B530ED-FA93-47F0-94AE-19EB33C91136}
		{023E9E93-6E47-4E71-9260-407915903A95} = {CB60D9F4-6144-45E1-ADBA-F6E3B28E766A}
		{EF10EC24-1945-4085-8752-520D3B2F0F9D} = {CB60D9F4-6144-45E1-ADBA-F6E3B28E766A}
		{3D5150BE-C55A-4D15-A59D-593E2FBDF329} = {3877E684-F60C-45C4-B666-112A2C172725}
		{C905D76D-BFAC-4C31-A53B-DF0C0AFD6BED} = {45ECE1AA-2803-40DF-AF54-FAC83A841954}
		{D6767EB3-7C4B-452C-A4A3-F3B156C7CAE0} = {544FBDBA-677D-4D2E-BE74-34603756E524}
		{EA98C6F2-F063-437F-AFBE-7725CEF6DA3A} = {CB60D9F4-6144-45E1-ADBA-F6E3B28E766A}
		{D37C5B61-D8EF-48FE-921A-DD72F86DB20F} = {544FBDBA-677D-4D2E-BE74-34603756E524}
		{93B36E38-93F8-4F50-8860-AEA8DB65F3BC} = {D37C5B61-D8EF-48FE-921A-DD72F86DB20F}
	EndGlobalSection
EndGlobal
